
Microsoft Visual Studio Solution File, Format Version 12.00
# Visual Studio Version 17
VisualStudioVersion = 17.4.33403.182
MinimumVisualStudioVersion = 10.0.40219.1
Project("{FAE04EC0-301F-11D3-BF4B-00C04F79EFBC}") = "WinFormsApp1", "WinFormsApp1\WinFormsApp1.csproj", "{9F6B7835-DAA1-44E9-97D4-AD60C9DDAFCD}"
EndProject
Project("{FAE04EC0-301F-11D3-BF4B-00C04F79EFBC}") = "TeacherLib", "TeacherLib\TeacherLib.csproj", "{1C3FEC18-89BF-4656-8841-A2B74BB76825}"
EndProject
Global
	GlobalSection(SolutionConfigurationPlatforms) = preSolution
		Debug|Any CPU = Debug|Any CPU
		Release|Any CPU = Release|Any CPU
	EndGlobalSection
	GlobalSection(ProjectConfigurationPlatforms) = postSolution
		{9F6B7835-DAA1-44E9-97D4-AD60C9DDAFCD}.Debug|Any CPU.ActiveCfg = Debug|Any CPU
		{9F6B7835-DAA1-44E9-97D4-AD60C9DDAFCD}.Debug|Any CPU.Build.0 = Debug|Any CPU
		{9F6B7835-DAA1-44E9-97D4-AD60C9DDAFCD}.Release|Any CPU.ActiveCfg = Release|Any CPU
		{9F6B7835-DAA1-44E9-97D4-AD60C9DDAFCD}.Release|Any CPU.Build.0 = Release|Any CPU
		{1C3FEC18-89BF-4656-8841-A2B74BB76825}.Debug|Any CPU.ActiveCfg = Debug|Any CPU
		{1C3FEC18-89BF-4656-8841-A2B74BB76825}.Debug|Any CPU.Build.0 = Debug|Any CPU
		{1C3FEC18-89BF-4656-8841-A2B74BB76825}.Release|Any CPU.ActiveCfg = Release|Any CPU
		{1C3FEC18-89BF-4656-8841-A2B74BB76825}.Release|Any CPU.Build.0 = Release|Any CPU
	EndGlobalSection
	GlobalSection(SolutionProperties) = preSolution
		HideSolutionNode = FALSE
	EndGlobalSection
	GlobalSection(ExtensibilityGlobals) = postSolution
		SolutionGuid = {4894CD75-F3C0-4948-B7BA-DD3024E18640}
	EndGlobalSection
EndGlobal
